
Microsoft Visual Studio Solution File, Format Version 12.00
# Visual Studio 14
VisualStudioVersion = 14.0.25123.0
MinimumVisualStudioVersion = 10.0.40219.1
Project("{FAE04EC0-301F-11D3-BF4B-00C04F79EFBC}") = "App2.Droid", "App2\App2.Droid\App2.Droid.csproj", "{4597AA18-DECD-434E-9318-F0C3E0D7C456}"
EndProject
Project("{FAE04EC0-301F-11D3-BF4B-00C04F79EFBC}") = "App2.iOS", "App2\App2.iOS\App2.iOS.csproj", "{E6443B05-DEBF-4D40-AF73-A2917BB49CA9}"
EndProject
Project("{FAE04EC0-301F-11D3-BF4B-00C04F79EFBC}") = "App2.WinPhone", "App2\App2.WinPhone\App2.WinPhone.csproj", "{EAE175FF-32F9-4BA5-88B9-6E13FA230A37}"
EndProject
Project("{FAE04EC0-301F-11D3-BF4B-00C04F79EFBC}") = "App2.UWP", "App2\App2.UWP\App2.UWP.csproj", "{D71E012E-8532-4237-A867-B689CBE5086C}"
EndProject
Project("{FAE04EC0-301F-11D3-BF4B-00C04F79EFBC}") = "App2.Windows", "App2\App2.Windows\App2.Windows.csproj", "{0D4928B8-B2DE-4BB8-8BF4-5EBA45022D0D}"
EndProject
Project("{FAE04EC0-301F-11D3-BF4B-00C04F79EFBC}") = "App2", "App2\App2\App2.csproj", "{9E2E86CC-119F-4598-9975-6410B50E862B}"
EndProject
Global
	GlobalSection(SolutionConfigurationPlatforms) = preSolution
		Ad-Hoc|Any CPU = Ad-Hoc|Any CPU
		Ad-Hoc|ARM = Ad-Hoc|ARM
		Ad-Hoc|iPhone = Ad-Hoc|iPhone
		Ad-Hoc|iPhoneSimulator = Ad-Hoc|iPhoneSimulator
		Ad-Hoc|x64 = Ad-Hoc|x64
		Ad-Hoc|x86 = Ad-Hoc|x86
		AppStore|Any CPU = AppStore|Any CPU
		AppStore|ARM = AppStore|ARM
		AppStore|iPhone = AppStore|iPhone
		AppStore|iPhoneSimulator = AppStore|iPhoneSimulator
		AppStore|x64 = AppStore|x64
		AppStore|x86 = AppStore|x86
		Debug|Any CPU = Debug|Any CPU
		Debug|ARM = Debug|ARM
		Debug|iPhone = Debug|iPhone
		Debug|iPhoneSimulator = Debug|iPhoneSimulator
		Debug|x64 = Debug|x64
		Debug|x86 = Debug|x86
		Release|Any CPU = Release|Any CPU
		Release|ARM = Release|ARM
		Release|iPhone = Release|iPhone
		Release|iPhoneSimulator = Release|iPhoneSimulator
		Release|x64 = Release|x64
		Release|x86 = Release|x86
	EndGlobalSection
	GlobalSection(ProjectConfigurationPlatforms) = postSolution
		{4597AA18-DECD-434E-9318-F0C3E0D7C456}.Ad-Hoc|Any CPU.ActiveCfg = Release|Any CPU
		{4597AA18-DECD-434E-9318-F0C3E0D7C456}.Ad-Hoc|Any CPU.Build.0 = Release|Any CPU
		{4597AA18-DECD-434E-9318-F0C3E0D7C456}.Ad-Hoc|Any CPU.Deploy.0 = Release|Any CPU
		{4597AA18-DECD-434E-9318-F0C3E0D7C456}.Ad-Hoc|ARM.ActiveCfg = Release|Any CPU
		{4597AA18-DECD-434E-9318-F0C3E0D7C456}.Ad-Hoc|ARM.Build.0 = Release|Any CPU
		{4597AA18-DECD-434E-9318-F0C3E0D7C456}.Ad-Hoc|ARM.Deploy.0 = Release|Any CPU
		{4597AA18-DECD-434E-9318-F0C3E0D7C456}.Ad-Hoc|iPhone.ActiveCfg = Release|Any CPU
		{4597AA18-DECD-434E-9318-F0C3E0D7C456}.Ad-Hoc|iPhone.Build.0 = Release|Any CPU
		{4597AA18-DECD-434E-9318-F0C3E0D7C456}.Ad-Hoc|iPhone.Deploy.0 = Release|Any CPU
		{4597AA18-DECD-434E-9318-F0C3E0D7C456}.Ad-Hoc|iPhoneSimulator.ActiveCfg = Release|Any CPU
		{4597AA18-DECD-434E-9318-F0C3E0D7C456}.Ad-Hoc|iPhoneSimulator.Build.0 = Release|Any CPU
		{4597AA18-DECD-434E-9318-F0C3E0D7C456}.Ad-Hoc|iPhoneSimulator.Deploy.0 = Release|Any CPU
		{4597AA18-DECD-434E-9318-F0C3E0D7C456}.Ad-Hoc|x64.ActiveCfg = Release|Any CPU
		{4597AA18-DECD-434E-9318-F0C3E0D7C456}.Ad-Hoc|x64.Build.0 = Release|Any CPU
		{4597AA18-DECD-434E-9318-F0C3E0D7C456}.Ad-Hoc|x64.Deploy.0 = Release|Any CPU
		{4597AA18-DECD-434E-9318-F0C3E0D7C456}.Ad-Hoc|x86.ActiveCfg = Release|Any CPU
		{4597AA18-DECD-434E-9318-F0C3E0D7C456}.Ad-Hoc|x86.Build.0 = Release|Any CPU
		{4597AA18-DECD-434E-9318-F0C3E0D7C456}.Ad-Hoc|x86.Deploy.0 = Release|Any CPU
		{4597AA18-DECD-434E-9318-F0C3E0D7C456}.AppStore|Any CPU.ActiveCfg = Release|Any CPU
		{4597AA18-DECD-434E-9318-F0C3E0D7C456}.AppStore|Any CPU.Build.0 = Release|Any CPU
		{4597AA18-DECD-434E-9318-F0C3E0D7C456}.AppStore|Any CPU.Deploy.0 = Release|Any CPU
		{4597AA18-DECD-434E-9318-F0C3E0D7C456}.AppStore|ARM.ActiveCfg = Release|Any CPU
		{4597AA18-DECD-434E-9318-F0C3E0D7C456}.AppStore|ARM.Build.0 = Release|Any CPU
		{4597AA18-DECD-434E-9318-F0C3E0D7C456}.AppStore|ARM.Deploy.0 = Release|Any CPU
		{4597AA18-DECD-434E-9318-F0C3E0D7C456}.AppStore|iPhone.ActiveCfg = Release|Any CPU
		{4597AA18-DECD-434E-9318-F0C3E0D7C456}.AppStore|iPhone.Build.0 = Release|Any CPU
		{4597AA18-DECD-434E-9318-F0C3E0D7C456}.AppStore|iPhone.Deploy.0 = Release|Any CPU
		{4597AA18-DECD-434E-9318-F0C3E0D7C456}.AppStore|iPhoneSimulator.ActiveCfg = Release|Any CPU
		{4597AA18-DECD-434E-9318-F0C3E0D7C456}.AppStore|iPhoneSimulator.Build.0 = Release|Any CPU
		{4597AA18-DECD-434E-9318-F0C3E0D7C456}.AppStore|iPhoneSimulator.Deploy.0 = Release|Any CPU
		{4597AA18-DECD-434E-9318-F0C3E0D7C456}.AppStore|x64.ActiveCfg = Release|Any CPU
		{4597AA18-DECD-434E-9318-F0C3E0D7C456}.AppStore|x64.Build.0 = Release|Any CPU
		{4597AA18-DECD-434E-9318-F0C3E0D7C456}.AppStore|x64.Deploy.0 = Release|Any CPU
		{4597AA18-DECD-434E-9318-F0C3E0D7C456}.AppStore|x86.ActiveCfg = Release|Any CPU
		{4597AA18-DECD-434E-9318-F0C3E0D7C456}.AppStore|x86.Build.0 = Release|Any CPU
		{4597AA18-DECD-434E-9318-F0C3E0D7C456}.AppStore|x86.Deploy.0 = Release|Any CPU
		{4597AA18-DECD-434E-9318-F0C3E0D7C456}.Debug|Any CPU.ActiveCfg = Debug|Any CPU
		{4597AA18-DECD-434E-9318-F0C3E0D7C456}.Debug|Any CPU.Build.0 = Debug|Any CPU
		{4597AA18-DECD-434E-9318-F0C3E0D7C456}.Debug|Any CPU.Deploy.0 = Debug|Any CPU
		{4597AA18-DECD-434E-9318-F0C3E0D7C456}.Debug|ARM.ActiveCfg = Debug|Any CPU
		{4597AA18-DECD-434E-9318-F0C3E0D7C456}.Debug|ARM.Build.0 = Debug|Any CPU
		{4597AA18-DECD-434E-9318-F0C3E0D7C456}.Debug|ARM.Deploy.0 = Debug|Any CPU
		{4597AA18-DECD-434E-9318-F0C3E0D7C456}.Debug|iPhone.ActiveCfg = Debug|Any CPU
		{4597AA18-DECD-434E-9318-F0C3E0D7C456}.Debug|iPhone.Build.0 = Debug|Any CPU
		{4597AA18-DECD-434E-9318-F0C3E0D7C456}.Debug|iPhone.Deploy.0 = Debug|Any CPU
		{4597AA18-DECD-434E-9318-F0C3E0D7C456}.Debug|iPhoneSimulator.ActiveCfg = Debug|Any CPU
		{4597AA18-DECD-434E-9318-F0C3E0D7C456}.Debug|iPhoneSimulator.Build.0 = Debug|Any CPU
		{4597AA18-DECD-434E-9318-F0C3E0D7C456}.Debug|iPhoneSimulator.Deploy.0 = Debug|Any CPU
		{4597AA18-DECD-434E-9318-F0C3E0D7C456}.Debug|x64.ActiveCfg = Debug|Any CPU
		{4597AA18-DECD-434E-9318-F0C3E0D7C456}.Debug|x64.Build.0 = Debug|Any CPU
		{4597AA18-DECD-434E-9318-F0C3E0D7C456}.Debug|x64.Deploy.0 = Debug|Any CPU
		{4597AA18-DECD-434E-9318-F0C3E0D7C456}.Debug|x86.ActiveCfg = Debug|Any CPU
		{4597AA18-DECD-434E-9318-F0C3E0D7C456}.Debug|x86.Build.0 = Debug|Any CPU
		{4597AA18-DECD-434E-9318-F0C3E0D7C456}.Debug|x86.Deploy.0 = Debug|Any CPU
		{4597AA18-DECD-434E-9318-F0C3E0D7C456}.Release|Any CPU.ActiveCfg = Release|Any CPU
		{4597AA18-DECD-434E-9318-F0C3E0D7C456}.Release|Any CPU.Build.0 = Release|Any CPU
		{4597AA18-DECD-434E-9318-F0C3E0D7C456}.Release|Any CPU.Deploy.0 = Release|Any CPU
		{4597AA18-DECD-434E-9318-F0C3E0D7C456}.Release|ARM.ActiveCfg = Release|Any CPU
		{4597AA18-DECD-434E-9318-F0C3E0D7C456}.Release|ARM.Build.0 = Release|Any CPU
		{4597AA18-DECD-434E-9318-F0C3E0D7C456}.Release|ARM.Deploy.0 = Release|Any CPU
		{4597AA18-DECD-434E-9318-F0C3E0D7C456}.Release|iPhone.ActiveCfg = Release|Any CPU
		{4597AA18-DECD-434E-9318-F0C3E0D7C456}.Release|iPhone.Build.0 = Release|Any CPU
		{4597AA18-DECD-434E-9318-F0C3E0D7C456}.Release|iPhone.Deploy.0 = Release|Any CPU
		{4597AA18-DECD-434E-9318-F0C3E0D7C456}.Release|iPhoneSimulator.ActiveCfg = Release|Any CPU
		{4597AA18-DECD-434E-9318-F0C3E0D7C456}.Release|iPhoneSimulator.Build.0 = Release|Any CPU
		{4597AA18-DECD-434E-9318-F0C3E0D7C456}.Release|iPhoneSimulator.Deploy.0 = Release|Any CPU
		{4597AA18-DECD-434E-9318-F0C3E0D7C456}.Release|x64.ActiveCfg = Release|Any CPU
		{4597AA18-DECD-434E-9318-F0C3E0D7C456}.Release|x64.Build.0 = Release|Any CPU
		{4597AA18-DECD-434E-9318-F0C3E0D7C456}.Release|x64.Deploy.0 = Release|Any CPU
		{4597AA18-DECD-434E-9318-F0C3E0D7C456}.Release|x86.ActiveCfg = Release|Any CPU
		{4597AA18-DECD-434E-9318-F0C3E0D7C456}.Release|x86.Build.0 = Release|Any CPU
		{4597AA18-DECD-434E-9318-F0C3E0D7C456}.Release|x86.Deploy.0 = Release|Any CPU
		{E6443B05-DEBF-4D40-AF73-A2917BB49CA9}.Ad-Hoc|Any CPU.ActiveCfg = Ad-Hoc|iPhone
		{E6443B05-DEBF-4D40-AF73-A2917BB49CA9}.Ad-Hoc|ARM.ActiveCfg = Ad-Hoc|iPhone
		{E6443B05-DEBF-4D40-AF73-A2917BB49CA9}.Ad-Hoc|iPhone.ActiveCfg = Ad-Hoc|iPhone
		{E6443B05-DEBF-4D40-AF73-A2917BB49CA9}.Ad-Hoc|iPhone.Build.0 = Ad-Hoc|iPhone
		{E6443B05-DEBF-4D40-AF73-A2917BB49CA9}.Ad-Hoc|iPhoneSimulator.ActiveCfg = Ad-Hoc|iPhoneSimulator
		{E6443B05-DEBF-4D40-AF73-A2917BB49CA9}.Ad-Hoc|iPhoneSimulator.Build.0 = Ad-Hoc|iPhoneSimulator
		{E6443B05-DEBF-4D40-AF73-A2917BB49CA9}.Ad-Hoc|x64.ActiveCfg = Ad-Hoc|iPhone
		{E6443B05-DEBF-4D40-AF73-A2917BB49CA9}.Ad-Hoc|x86.ActiveCfg = Ad-Hoc|iPhone
		{E6443B05-DEBF-4D40-AF73-A2917BB49CA9}.AppStore|Any CPU.ActiveCfg = AppStore|iPhone
		{E6443B05-DEBF-4D40-AF73-A2917BB49CA9}.AppStore|ARM.ActiveCfg = AppStore|iPhone
		{E6443B05-DEBF-4D40-AF73-A2917BB49CA9}.AppStore|iPhone.ActiveCfg = AppStore|iPhone
		{E6443B05-DEBF-4D40-AF73-A2917BB49CA9}.AppStore|iPhone.Build.0 = AppStore|iPhone
		{E6443B05-DEBF-4D40-AF73-A2917BB49CA9}.AppStore|iPhoneSimulator.ActiveCfg = AppStore|iPhoneSimulator
		{E6443B05-DEBF-4D40-AF73-A2917BB49CA9}.AppStore|iPhoneSimulator.Build.0 = AppStore|iPhoneSimulator
		{E6443B05-DEBF-4D40-AF73-A2917BB49CA9}.AppStore|x64.ActiveCfg = AppStore|iPhone
		{E6443B05-DEBF-4D40-AF73-A2917BB49CA9}.AppStore|x86.ActiveCfg = AppStore|iPhone
		{E6443B05-DEBF-4D40-AF73-A2917BB49CA9}.Debug|Any CPU.ActiveCfg = Debug|iPhone
		{E6443B05-DEBF-4D40-AF73-A2917BB49CA9}.Debug|ARM.ActiveCfg = Debug|iPhone
		{E6443B05-DEBF-4D40-AF73-A2917BB49CA9}.Debug|iPhone.ActiveCfg = Debug|iPhone
		{E6443B05-DEBF-4D40-AF73-A2917BB49CA9}.Debug|iPhone.Build.0 = Debug|iPhone
		{E6443B05-DEBF-4D40-AF73-A2917BB49CA9}.Debug|iPhoneSimulator.ActiveCfg = Debug|iPhoneSimulator
		{E6443B05-DEBF-4D40-AF73-A2917BB49CA9}.Debug|iPhoneSimulator.Build.0 = Debug|iPhoneSimulator
		{E6443B05-DEBF-4D40-AF73-A2917BB49CA9}.Debug|x64.ActiveCfg = Debug|iPhone
		{E6443B05-DEBF-4D40-AF73-A2917BB49CA9}.Debug|x86.ActiveCfg = Debug|iPhone
		{E6443B05-DEBF-4D40-AF73-A2917BB49CA9}.Release|Any CPU.ActiveCfg = Release|iPhone
		{E6443B05-DEBF-4D40-AF73-A2917BB49CA9}.Release|ARM.ActiveCfg = Release|iPhone
		{E6443B05-DEBF-4D40-AF73-A2917BB49CA9}.Release|iPhone.ActiveCfg = Release|iPhone
		{E6443B05-DEBF-4D40-AF73-A2917BB49CA9}.Release|iPhone.Build.0 = Release|iPhone
		{E6443B05-DEBF-4D40-AF73-A2917BB49CA9}.Release|iPhoneSimulator.ActiveCfg = Release|iPhoneSimulator
		{E6443B05-DEBF-4D40-AF73-A2917BB49CA9}.Release|iPhoneSimulator.Build.0 = Release|iPhoneSimulator
		{E6443B05-DEBF-4D40-AF73-A2917BB49CA9}.Release|x64.ActiveCfg = Release|iPhone
		{E6443B05-DEBF-4D40-AF73-A2917BB49CA9}.Release|x86.ActiveCfg = Release|iPhone
		{EAE175FF-32F9-4BA5-88B9-6E13FA230A37}.Ad-Hoc|Any CPU.ActiveCfg = Release|Any CPU
		{EAE175FF-32F9-4BA5-88B9-6E13FA230A37}.Ad-Hoc|Any CPU.Build.0 = Release|Any CPU
		{EAE175FF-32F9-4BA5-88B9-6E13FA230A37}.Ad-Hoc|Any CPU.Deploy.0 = Release|Any CPU
		{EAE175FF-32F9-4BA5-88B9-6E13FA230A37}.Ad-Hoc|ARM.ActiveCfg = Release|ARM
		{EAE175FF-32F9-4BA5-88B9-6E13FA230A37}.Ad-Hoc|ARM.Build.0 = Release|ARM
		{EAE175FF-32F9-4BA5-88B9-6E13FA230A37}.Ad-Hoc|ARM.Deploy.0 = Release|ARM
		{EAE175FF-32F9-4BA5-88B9-6E13FA230A37}.Ad-Hoc|iPhone.ActiveCfg = Release|Any CPU
		{EAE175FF-32F9-4BA5-88B9-6E13FA230A37}.Ad-Hoc|iPhone.Build.0 = Release|Any CPU
		{EAE175FF-32F9-4BA5-88B9-6E13FA230A37}.Ad-Hoc|iPhone.Deploy.0 = Release|Any CPU
		{EAE175FF-32F9-4BA5-88B9-6E13FA230A37}.Ad-Hoc|iPhoneSimulator.ActiveCfg = Release|Any CPU
		{EAE175FF-32F9-4BA5-88B9-6E13FA230A37}.Ad-Hoc|iPhoneSimulator.Build.0 = Release|Any CPU
		{EAE175FF-32F9-4BA5-88B9-6E13FA230A37}.Ad-Hoc|iPhoneSimulator.Deploy.0 = Release|Any CPU
		{EAE175FF-32F9-4BA5-88B9-6E13FA230A37}.Ad-Hoc|x64.ActiveCfg = Release|Any CPU
		{EAE175FF-32F9-4BA5-88B9-6E13FA230A37}.Ad-Hoc|x64.Build.0 = Release|Any CPU
		{EAE175FF-32F9-4BA5-88B9-6E13FA230A37}.Ad-Hoc|x64.Deploy.0 = Release|Any CPU
		{EAE175FF-32F9-4BA5-88B9-6E13FA230A37}.Ad-Hoc|x86.ActiveCfg = Release|x86
		{EAE175FF-32F9-4BA5-88B9-6E13FA230A37}.Ad-Hoc|x86.Build.0 = Release|x86
		{EAE175FF-32F9-4BA5-88B9-6E13FA230A37}.Ad-Hoc|x86.Deploy.0 = Release|x86
		{EAE175FF-32F9-4BA5-88B9-6E13FA230A37}.AppStore|Any CPU.ActiveCfg = Release|Any CPU
		{EAE175FF-32F9-4BA5-88B9-6E13FA230A37}.AppStore|Any CPU.Build.0 = Release|Any CPU
		{EAE175FF-32F9-4BA5-88B9-6E13FA230A37}.AppStore|Any CPU.Deploy.0 = Release|Any CPU
		{EAE175FF-32F9-4BA5-88B9-6E13FA230A37}.AppStore|ARM.ActiveCfg = Release|ARM
		{EAE175FF-32F9-4BA5-88B9-6E13FA230A37}.AppStore|ARM.Build.0 = Release|ARM
		{EAE175FF-32F9-4BA5-88B9-6E13FA230A37}.AppStore|ARM.Deploy.0 = Release|ARM
		{EAE175FF-32F9-4BA5-88B9-6E13FA230A37}.AppStore|iPhone.ActiveCfg = Release|Any CPU
		{EAE175FF-32F9-4BA5-88B9-6E13FA230A37}.AppStore|iPhone.Build.0 = Release|Any CPU
		{EAE175FF-32F9-4BA5-88B9-6E13FA230A37}.AppStore|iPhone.Deploy.0 = Release|Any CPU
		{EAE175FF-32F9-4BA5-88B9-6E13FA230A37}.AppStore|iPhoneSimulator.ActiveCfg = Release|Any CPU
		{EAE175FF-32F9-4BA5-88B9-6E13FA230A37}.AppStore|iPhoneSimulator.Build.0 = Release|Any CPU
		{EAE175FF-32F9-4BA5-88B9-6E13FA230A37}.AppStore|iPhoneSimulator.Deploy.0 = Release|Any CPU
		{EAE175FF-32F9-4BA5-88B9-6E13FA230A37}.AppStore|x64.ActiveCfg = Release|Any CPU
		{EAE175FF-32F9-4BA5-88B9-6E13FA230A37}.AppStore|x64.Build.0 = Release|Any CPU
		{EAE175FF-32F9-4BA5-88B9-6E13FA230A37}.AppStore|x64.Deploy.0 = Release|Any CPU
		{EAE175FF-32F9-4BA5-88B9-6E13FA230A37}.AppStore|x86.ActiveCfg = Release|x86
		{EAE175FF-32F9-4BA5-88B9-6E13FA230A37}.AppStore|x86.Build.0 = Release|x86
		{EAE175FF-32F9-4BA5-88B9-6E13FA230A37}.AppStore|x86.Deploy.0 = Release|x86
		{EAE175FF-32F9-4BA5-88B9-6E13FA230A37}.Debug|Any CPU.ActiveCfg = Debug|Any CPU
		{EAE175FF-32F9-4BA5-88B9-6E13FA230A37}.Debug|Any CPU.Build.0 = Debug|Any CPU
		{EAE175FF-32F9-4BA5-88B9-6E13FA230A37}.Debug|Any CPU.Deploy.0 = Debug|Any CPU
		{EAE175FF-32F9-4BA5-88B9-6E13FA230A37}.Debug|ARM.ActiveCfg = Debug|ARM
		{EAE175FF-32F9-4BA5-88B9-6E13FA230A37}.Debug|ARM.Build.0 = Debug|ARM
		{EAE175FF-32F9-4BA5-88B9-6E13FA230A37}.Debug|ARM.Deploy.0 = Debug|ARM
		{EAE175FF-32F9-4BA5-88B9-6E13FA230A37}.Debug|iPhone.ActiveCfg = Debug|Any CPU
		{EAE175FF-32F9-4BA5-88B9-6E13FA230A37}.Debug|iPhone.Build.0 = Debug|Any CPU
		{EAE175FF-32F9-4BA5-88B9-6E13FA230A37}.Debug|iPhone.Deploy.0 = Debug|Any CPU
		{EAE175FF-32F9-4BA5-88B9-6E13FA230A37}.Debug|iPhoneSimulator.ActiveCfg = Debug|Any CPU
		{EAE175FF-32F9-4BA5-88B9-6E13FA230A37}.Debug|iPhoneSimulator.Build.0 = Debug|Any CPU
		{EAE175FF-32F9-4BA5-88B9-6E13FA230A37}.Debug|iPhoneSimulator.Deploy.0 = Debug|Any CPU
		{EAE175FF-32F9-4BA5-88B9-6E13FA230A37}.Debug|x64.ActiveCfg = Debug|Any CPU
		{EAE175FF-32F9-4BA5-88B9-6E13FA230A37}.Debug|x64.Build.0 = Debug|Any CPU
		{EAE175FF-32F9-4BA5-88B9-6E13FA230A37}.Debug|x64.Deploy.0 = Debug|Any CPU
		{EAE175FF-32F9-4BA5-88B9-6E13FA230A37}.Debug|x86.ActiveCfg = Debug|x86
		{EAE175FF-32F9-4BA5-88B9-6E13FA230A37}.Debug|x86.Build.0 = Debug|x86
		{EAE175FF-32F9-4BA5-88B9-6E13FA230A37}.Debug|x86.Deploy.0 = Debug|x86
		{EAE175FF-32F9-4BA5-88B9-6E13FA230A37}.Release|Any CPU.ActiveCfg = Release|Any CPU
		{EAE175FF-32F9-4BA5-88B9-6E13FA230A37}.Release|Any CPU.Build.0 = Release|Any CPU
		{EAE175FF-32F9-4BA5-88B9-6E13FA230A37}.Release|Any CPU.Deploy.0 = Release|Any CPU
		{EAE175FF-32F9-4BA5-88B9-6E13FA230A37}.Release|ARM.ActiveCfg = Release|ARM
		{EAE175FF-32F9-4BA5-88B9-6E13FA230A37}.Release|ARM.Build.0 = Release|ARM
		{EAE175FF-32F9-4BA5-88B9-6E13FA230A37}.Release|ARM.Deploy.0 = Release|ARM
		{EAE175FF-32F9-4BA5-88B9-6E13FA230A37}.Release|iPhone.ActiveCfg = Release|Any CPU
		{EAE175FF-32F9-4BA5-88B9-6E13FA230A37}.Release|iPhone.Build.0 = Release|Any CPU
		{EAE175FF-32F9-4BA5-88B9-6E13FA230A37}.Release|iPhone.Deploy.0 = Release|Any CPU
		{EAE175FF-32F9-4BA5-88B9-6E13FA230A37}.Release|iPhoneSimulator.ActiveCfg = Release|Any CPU
		{EAE175FF-32F9-4BA5-88B9-6E13FA230A37}.Release|iPhoneSimulator.Build.0 = Release|Any CPU
		{EAE175FF-32F9-4BA5-88B9-6E13FA230A37}.Release|iPhoneSimulator.Deploy.0 = Release|Any CPU
		{EAE175FF-32F9-4BA5-88B9-6E13FA230A37}.Release|x64.ActiveCfg = Release|Any CPU
		{EAE175FF-32F9-4BA5-88B9-6E13FA230A37}.Release|x64.Build.0 = Release|Any CPU
		{EAE175FF-32F9-4BA5-88B9-6E13FA230A37}.Release|x64.Deploy.0 = Release|Any CPU
		{EAE175FF-32F9-4BA5-88B9-6E13FA230A37}.Release|x86.ActiveCfg = Release|x86
		{EAE175FF-32F9-4BA5-88B9-6E13FA230A37}.Release|x86.Build.0 = Release|x86
		{EAE175FF-32F9-4BA5-88B9-6E13FA230A37}.Release|x86.Deploy.0 = Release|x86
		{D71E012E-8532-4237-A867-B689CBE5086C}.Ad-Hoc|Any CPU.ActiveCfg = Release|x86
		{D71E012E-8532-4237-A867-B689CBE5086C}.Ad-Hoc|Any CPU.Build.0 = Release|x86
		{D71E012E-8532-4237-A867-B689CBE5086C}.Ad-Hoc|Any CPU.Deploy.0 = Release|x86
		{D71E012E-8532-4237-A867-B689CBE5086C}.Ad-Hoc|ARM.ActiveCfg = Release|ARM
		{D71E012E-8532-4237-A867-B689CBE5086C}.Ad-Hoc|ARM.Build.0 = Release|ARM
		{D71E012E-8532-4237-A867-B689CBE5086C}.Ad-Hoc|ARM.Deploy.0 = Release|ARM
		{D71E012E-8532-4237-A867-B689CBE5086C}.Ad-Hoc|iPhone.ActiveCfg = Release|x86
		{D71E012E-8532-4237-A867-B689CBE5086C}.Ad-Hoc|iPhone.Build.0 = Release|x86
		{D71E012E-8532-4237-A867-B689CBE5086C}.Ad-Hoc|iPhone.Deploy.0 = Release|x86
		{D71E012E-8532-4237-A867-B689CBE5086C}.Ad-Hoc|iPhoneSimulator.ActiveCfg = Release|x86
		{D71E012E-8532-4237-A867-B689CBE5086C}.Ad-Hoc|iPhoneSimulator.Build.0 = Release|x86
		{D71E012E-8532-4237-A867-B689CBE5086C}.Ad-Hoc|iPhoneSimulator.Deploy.0 = Release|x86
		{D71E012E-8532-4237-A867-B689CBE5086C}.Ad-Hoc|x64.ActiveCfg = Release|x64
		{D71E012E-8532-4237-A867-B689CBE5086C}.Ad-Hoc|x64.Build.0 = Release|x64
		{D71E012E-8532-4237-A867-B689CBE5086C}.Ad-Hoc|x64.Deploy.0 = Release|x64
		{D71E012E-8532-4237-A867-B689CBE5086C}.Ad-Hoc|x86.ActiveCfg = Release|x86
		{D71E012E-8532-4237-A867-B689CBE5086C}.Ad-Hoc|x86.Build.0 = Release|x86
		{D71E012E-8532-4237-A867-B689CBE5086C}.Ad-Hoc|x86.Deploy.0 = Release|x86
		{D71E012E-8532-4237-A867-B689CBE5086C}.AppStore|Any CPU.ActiveCfg = Release|x86
		{D71E012E-8532-4237-A867-B689CBE5086C}.AppStore|Any CPU.Build.0 = Release|x86
		{D71E012E-8532-4237-A867-B689CBE5086C}.AppStore|Any CPU.Deploy.0 = Release|x86
		{D71E012E-8532-4237-A867-B689CBE5086C}.AppStore|ARM.ActiveCfg = Release|ARM
		{D71E012E-8532-4237-A867-B689CBE5086C}.AppStore|ARM.Build.0 = Release|ARM
		{D71E012E-8532-4237-A867-B689CBE5086C}.AppStore|ARM.Deploy.0 = Release|ARM
		{D71E012E-8532-4237-A867-B689CBE5086C}.AppStore|iPhone.ActiveCfg = Release|x86
		{D71E012E-8532-4237-A867-B689CBE5086C}.AppStore|iPhone.Build.0 = Release|x86
		{D71E012E-8532-4237-A867-B689CBE5086C}.AppStore|iPhone.Deploy.0 = Release|x86
		{D71E012E-8532-4237-A867-B689CBE5086C}.AppStore|iPhoneSimulator.ActiveCfg = Release|x86
		{D71E012E-8532-4237-A867-B689CBE5086C}.AppStore|iPhoneSimulator.Build.0 = Release|x86
		{D71E012E-8532-4237-A867-B689CBE5086C}.AppStore|iPhoneSimulator.Deploy.0 = Release|x86
		{D71E012E-8532-4237-A867-B689CBE5086C}.AppStore|x64.ActiveCfg = Release|x64
		{D71E012E-8532-4237-A867-B689CBE5086C}.AppStore|x64.Build.0 = Release|x64
		{D71E012E-8532-4237-A867-B689CBE5086C}.AppStore|x64.Deploy.0 = Release|x64
		{D71E012E-8532-4237-A867-B689CBE5086C}.AppStore|x86.ActiveCfg = Release|x86
		{D71E012E-8532-4237-A867-B689CBE5086C}.AppStore|x86.Build.0 = Release|x86
		{D71E012E-8532-4237-A867-B689CBE5086C}.AppStore|x86.Deploy.0 = Release|x86
		{D71E012E-8532-4237-A867-B689CBE5086C}.Debug|Any CPU.ActiveCfg = Debug|x86
		{D71E012E-8532-4237-A867-B689CBE5086C}.Debug|ARM.ActiveCfg = Debug|ARM
		{D71E012E-8532-4237-A867-B689CBE5086C}.Debug|ARM.Build.0 = Debug|ARM
		{D71E012E-8532-4237-A867-B689CBE5086C}.Debug|ARM.Deploy.0 = Debug|ARM
		{D71E012E-8532-4237-A867-B689CBE5086C}.Debug|iPhone.ActiveCfg = Debug|x86
		{D71E012E-8532-4237-A867-B689CBE5086C}.Debug|iPhoneSimulator.ActiveCfg = Debug|x86
		{D71E012E-8532-4237-A867-B689CBE5086C}.Debug|x64.ActiveCfg = Debug|x64
		{D71E012E-8532-4237-A867-B689CBE5086C}.Debug|x64.Build.0 = Debug|x64
		{D71E012E-8532-4237-A867-B689CBE5086C}.Debug|x64.Deploy.0 = Debug|x64
		{D71E012E-8532-4237-A867-B689CBE5086C}.Debug|x86.ActiveCfg = Debug|x86
		{D71E012E-8532-4237-A867-B689CBE5086C}.Debug|x86.Build.0 = Debug|x86
		{D71E012E-8532-4237-A867-B689CBE5086C}.Debug|x86.Deploy.0 = Debug|x86
		{D71E012E-8532-4237-A867-B689CBE5086C}.Release|Any CPU.ActiveCfg = Release|x86
		{D71E012E-8532-4237-A867-B689CBE5086C}.Release|ARM.ActiveCfg = Release|ARM
		{D71E012E-8532-4237-A867-B689CBE5086C}.Release|ARM.Build.0 = Release|ARM
		{D71E012E-8532-4237-A867-B689CBE5086C}.Release|ARM.Deploy.0 = Release|ARM
		{D71E012E-8532-4237-A867-B689CBE5086C}.Release|iPhone.ActiveCfg = Release|x86
		{D71E012E-8532-4237-A867-B689CBE5086C}.Release|iPhoneSimulator.ActiveCfg = Release|x86
		{D71E012E-8532-4237-A867-B689CBE5086C}.Release|x64.ActiveCfg = Release|x64
		{D71E012E-8532-4237-A867-B689CBE5086C}.Release|x64.Build.0 = Release|x64
		{D71E012E-8532-4237-A867-B689CBE5086C}.Release|x64.Deploy.0 = Release|x64
		{D71E012E-8532-4237-A867-B689CBE5086C}.Release|x86.ActiveCfg = Release|x86
		{D71E012E-8532-4237-A867-B689CBE5086C}.Release|x86.Build.0 = Release|x86
		{D71E012E-8532-4237-A867-B689CBE5086C}.Release|x86.Deploy.0 = Release|x86
		{0D4928B8-B2DE-4BB8-8BF4-5EBA45022D0D}.Ad-Hoc|Any CPU.ActiveCfg = Release|Any CPU
		{0D4928B8-B2DE-4BB8-8BF4-5EBA45022D0D}.Ad-Hoc|Any CPU.Build.0 = Release|Any CPU
		{0D4928B8-B2DE-4BB8-8BF4-5EBA45022D0D}.Ad-Hoc|Any CPU.Deploy.0 = Release|Any CPU
		{0D4928B8-B2DE-4BB8-8BF4-5EBA45022D0D}.Ad-Hoc|ARM.ActiveCfg = Release|ARM
		{0D4928B8-B2DE-4BB8-8BF4-5EBA45022D0D}.Ad-Hoc|ARM.Build.0 = Release|ARM
		{0D4928B8-B2DE-4BB8-8BF4-5EBA45022D0D}.Ad-Hoc|ARM.Deploy.0 = Release|ARM
		{0D4928B8-B2DE-4BB8-8BF4-5EBA45022D0D}.Ad-Hoc|iPhone.ActiveCfg = Release|Any CPU
		{0D4928B8-B2DE-4BB8-8BF4-5EBA45022D0D}.Ad-Hoc|iPhone.Build.0 = Release|Any CPU
		{0D4928B8-B2DE-4BB8-8BF4-5EBA45022D0D}.Ad-Hoc|iPhone.Deploy.0 = Release|Any CPU
		{0D4928B8-B2DE-4BB8-8BF4-5EBA45022D0D}.Ad-Hoc|iPhoneSimulator.ActiveCfg = Release|Any CPU
		{0D4928B8-B2DE-4BB8-8BF4-5EBA45022D0D}.Ad-Hoc|iPhoneSimulator.Build.0 = Release|Any CPU
		{0D4928B8-B2DE-4BB8-8BF4-5EBA45022D0D}.Ad-Hoc|iPhoneSimulator.Deploy.0 = Release|Any CPU
		{0D4928B8-B2DE-4BB8-8BF4-5EBA45022D0D}.Ad-Hoc|x64.ActiveCfg = Release|x64
		{0D4928B8-B2DE-4BB8-8BF4-5EBA45022D0D}.Ad-Hoc|x64.Build.0 = Release|x64
		{0D4928B8-B2DE-4BB8-8BF4-5EBA45022D0D}.Ad-Hoc|x64.Deploy.0 = Release|x64
		{0D4928B8-B2DE-4BB8-8BF4-5EBA45022D0D}.Ad-Hoc|x86.ActiveCfg = Release|x86
		{0D4928B8-B2DE-4BB8-8BF4-5EBA45022D0D}.Ad-Hoc|x86.Build.0 = Release|x86
		{0D4928B8-B2DE-4BB8-8BF4-5EBA45022D0D}.Ad-Hoc|x86.Deploy.0 = Release|x86
		{0D4928B8-B2DE-4BB8-8BF4-5EBA45022D0D}.AppStore|Any CPU.ActiveCfg = Release|Any CPU
		{0D4928B8-B2DE-4BB8-8BF4-5EBA45022D0D}.AppStore|Any CPU.Build.0 = Release|Any CPU
		{0D4928B8-B2DE-4BB8-8BF4-5EBA45022D0D}.AppStore|Any CPU.Deploy.0 = Release|Any CPU
		{0D4928B8-B2DE-4BB8-8BF4-5EBA45022D0D}.AppStore|ARM.ActiveCfg = Release|ARM
		{0D4928B8-B2DE-4BB8-8BF4-5EBA45022D0D}.AppStore|ARM.Build.0 = Release|ARM
		{0D4928B8-B2DE-4BB8-8BF4-5EBA45022D0D}.AppStore|ARM.Deploy.0 = Release|ARM
		{0D4928B8-B2DE-4BB8-8BF4-5EBA45022D0D}.AppStore|iPhone.ActiveCfg = Release|Any CPU
		{0D4928B8-B2DE-4BB8-8BF4-5EBA45022D0D}.AppStore|iPhone.Build.0 = Release|Any CPU
		{0D4928B8-B2DE-4BB8-8BF4-5EBA45022D0D}.AppStore|iPhone.Deploy.0 = Release|Any CPU
		{0D4928B8-B2DE-4BB8-8BF4-5EBA45022D0D}.AppStore|iPhoneSimulator.ActiveCfg = Release|Any CPU
		{0D4928B8-B2DE-4BB8-8BF4-5EBA45022D0D}.AppStore|iPhoneSimulator.Build.0 = Release|Any CPU
		{0D4928B8-B2DE-4BB8-8BF4-5EBA45022D0D}.AppStore|iPhoneSimulator.Deploy.0 = Release|Any CPU
		{0D4928B8-B2DE-4BB8-8BF4-5EBA45022D0D}.AppStore|x64.ActiveCfg = Release|x64
		{0D4928B8-B2DE-4BB8-8BF4-5EBA45022D0D}.AppStore|x64.Build.0 = Release|x64
		{0D4928B8-B2DE-4BB8-8BF4-5EBA45022D0D}.AppStore|x64.Deploy.0 = Release|x64
		{0D4928B8-B2DE-4BB8-8BF4-5EBA45022D0D}.AppStore|x86.ActiveCfg = Release|x86
		{0D4928B8-B2DE-4BB8-8BF4-5EBA45022D0D}.AppStore|x86.Build.0 = Release|x86
		{0D4928B8-B2DE-4BB8-8BF4-5EBA45022D0D}.AppStore|x86.Deploy.0 = Release|x86
		{0D4928B8-B2DE-4BB8-8BF4-5EBA45022D0D}.Debug|Any CPU.ActiveCfg = Debug|Any CPU
		{0D4928B8-B2DE-4BB8-8BF4-5EBA45022D0D}.Debug|Any CPU.Build.0 = Debug|Any CPU
		{0D4928B8-B2DE-4BB8-8BF4-5EBA45022D0D}.Debug|Any CPU.Deploy.0 = Debug|Any CPU
		{0D4928B8-B2DE-4BB8-8BF4-5EBA45022D0D}.Debug|ARM.ActiveCfg = Debug|ARM
		{0D4928B8-B2DE-4BB8-8BF4-5EBA45022D0D}.Debug|ARM.Build.0 = Debug|ARM
		{0D4928B8-B2DE-4BB8-8BF4-5EBA45022D0D}.Debug|ARM.Deploy.0 = Debug|ARM
		{0D4928B8-B2DE-4BB8-8BF4-5EBA45022D0D}.Debug|iPhone.ActiveCfg = Debug|Any CPU
		{0D4928B8-B2DE-4BB8-8BF4-5EBA45022D0D}.Debug|iPhone.Build.0 = Debug|Any CPU
		{0D4928B8-B2DE-4BB8-8BF4-5EBA45022D0D}.Debug|iPhone.Deploy.0 = Debug|Any CPU
		{0D4928B8-B2DE-4BB8-8BF4-5EBA45022D0D}.Debug|iPhoneSimulator.ActiveCfg = Debug|Any CPU
		{0D4928B8-B2DE-4BB8-8BF4-5EBA45022D0D}.Debug|iPhoneSimulator.Build.0 = Debug|Any CPU
		{0D4928B8-B2DE-4BB8-8BF4-5EBA45022D0D}.Debug|iPhoneSimulator.Deploy.0 = Debug|Any CPU
		{0D4928B8-B2DE-4BB8-8BF4-5EBA45022D0D}.Debug|x64.ActiveCfg = Debug|x64
		{0D4928B8-B2DE-4BB8-8BF4-5EBA45022D0D}.Debug|x64.Build.0 = Debug|x64
		{0D4928B8-B2DE-4BB8-8BF4-5EBA45022D0D}.Debug|x64.Deploy.0 = Debug|x64
		{0D4928B8-B2DE-4BB8-8BF4-5EBA45022D0D}.Debug|x86.ActiveCfg = Debug|x86
		{0D4928B8-B2DE-4BB8-8BF4-5EBA45022D0D}.Debug|x86.Build.0 = Debug|x86
		{0D4928B8-B2DE-4BB8-8BF4-5EBA45022D0D}.Debug|x86.Deploy.0 = Debug|x86
		{0D4928B8-B2DE-4BB8-8BF4-5EBA45022D0D}.Release|Any CPU.ActiveCfg = Release|Any CPU
		{0D4928B8-B2DE-4BB8-8BF4-5EBA45022D0D}.Release|Any CPU.Build.0 = Release|Any CPU
		{0D4928B8-B2DE-4BB8-8BF4-5EBA45022D0D}.Release|Any CPU.Deploy.0 = Release|Any CPU
		{0D4928B8-B2DE-4BB8-8BF4-5EBA45022D0D}.Release|ARM.ActiveCfg = Release|ARM
		{0D4928B8-B2DE-4BB8-8BF4-5EBA45022D0D}.Release|ARM.Build.0 = Release|ARM
		{0D4928B8-B2DE-4BB8-8BF4-5EBA45022D0D}.Release|ARM.Deploy.0 = Release|ARM
		{0D4928B8-B2DE-4BB8-8BF4-5EBA45022D0D}.Release|iPhone.ActiveCfg = Release|Any CPU
		{0D4928B8-B2DE-4BB8-8BF4-5EBA45022D0D}.Release|iPhone.Build.0 = Release|Any CPU
		{0D4928B8-B2DE-4BB8-8BF4-5EBA45022D0D}.Release|iPhone.Deploy.0 = Release|Any CPU
		{0D4928B8-B2DE-4BB8-8BF4-5EBA45022D0D}.Release|iPhoneSimulator.ActiveCfg = Release|Any CPU
		{0D4928B8-B2DE-4BB8-8BF4-5EBA45022D0D}.Release|iPhoneSimulator.Build.0 = Release|Any CPU
		{0D4928B8-B2DE-4BB8-8BF4-5EBA45022D0D}.Release|iPhoneSimulator.Deploy.0 = Release|Any CPU
		{0D4928B8-B2DE-4BB8-8BF4-5EBA45022D0D}.Release|x64.ActiveCfg = Release|x64
		{0D4928B8-B2DE-4BB8-8BF4-5EBA45022D0D}.Release|x64.Build.0 = Release|x64
		{0D4928B8-B2DE-4BB8-8BF4-5EBA45022D0D}.Release|x64.Deploy.0 = Release|x64
		{0D4928B8-B2DE-4BB8-8BF4-5EBA45022D0D}.Release|x86.ActiveCfg = Release|x86
		{0D4928B8-B2DE-4BB8-8BF4-5EBA45022D0D}.Release|x86.Build.0 = Release|x86
		{0D4928B8-B2DE-4BB8-8BF4-5EBA45022D0D}.Release|x86.Deploy.0 = Release|x86
		{9E2E86CC-119F-4598-9975-6410B50E862B}.Ad-Hoc|Any CPU.ActiveCfg = Release|Any CPU
		{9E2E86CC-119F-4598-9975-6410B50E862B}.Ad-Hoc|Any CPU.Build.0 = Release|Any CPU
		{9E2E86CC-119F-4598-9975-6410B50E862B}.Ad-Hoc|ARM.ActiveCfg = Release|Any CPU
		{9E2E86CC-119F-4598-9975-6410B50E862B}.Ad-Hoc|ARM.Build.0 = Release|Any CPU
		{9E2E86CC-119F-4598-9975-6410B50E862B}.Ad-Hoc|iPhone.ActiveCfg = Release|Any CPU
		{9E2E86CC-119F-4598-9975-6410B50E862B}.Ad-Hoc|iPhone.Build.0 = Release|Any CPU
		{9E2E86CC-119F-4598-9975-6410B50E862B}.Ad-Hoc|iPhoneSimulator.ActiveCfg = Release|Any CPU
		{9E2E86CC-119F-4598-9975-6410B50E862B}.Ad-Hoc|iPhoneSimulator.Build.0 = Release|Any CPU
		{9E2E86CC-119F-4598-9975-6410B50E862B}.Ad-Hoc|x64.ActiveCfg = Release|Any CPU
		{9E2E86CC-119F-4598-9975-6410B50E862B}.Ad-Hoc|x64.Build.0 = Release|Any CPU
		{9E2E86CC-119F-4598-9975-6410B50E862B}.Ad-Hoc|x86.ActiveCfg = Release|Any CPU
		{9E2E86CC-119F-4598-9975-6410B50E862B}.Ad-Hoc|x86.Build.0 = Release|Any CPU
		{9E2E86CC-119F-4598-9975-6410B50E862B}.AppStore|Any CPU.ActiveCfg = Release|Any CPU
		{9E2E86CC-119F-4598-9975-6410B50E862B}.AppStore|Any CPU.Build.0 = Release|Any CPU
		{9E2E86CC-119F-4598-9975-6410B50E862B}.AppStore|ARM.ActiveCfg = Release|Any CPU
		{9E2E86CC-119F-4598-9975-6410B50E862B}.AppStore|ARM.Build.0 = Release|Any CPU
		{9E2E86CC-119F-4598-9975-6410B50E862B}.AppStore|iPhone.ActiveCfg = Release|Any CPU
		{9E2E86CC-119F-4598-9975-6410B50E862B}.AppStore|iPhone.Build.0 = Release|Any CPU
		{9E2E86CC-119F-4598-9975-6410B50E862B}.AppStore|iPhoneSimulator.ActiveCfg = Release|Any CPU
		{9E2E86CC-119F-4598-9975-6410B50E862B}.AppStore|iPhoneSimulator.Build.0 = Release|Any CPU
		{9E2E86CC-119F-4598-9975-6410B50E862B}.AppStore|x64.ActiveCfg = Release|Any CPU
		{9E2E86CC-119F-4598-9975-6410B50E862B}.AppStore|x64.Build.0 = Release|Any CPU
		{9E2E86CC-119F-4598-9975-6410B50E862B}.AppStore|x86.ActiveCfg = Release|Any CPU
		{9E2E86CC-119F-4598-9975-6410B50E862B}.AppStore|x86.Build.0 = Release|Any CPU
		{9E2E86CC-119F-4598-9975-6410B50E862B}.Debug|Any CPU.ActiveCfg = Debug|Any CPU
		{9E2E86CC-119F-4598-9975-6410B50E862B}.Debug|Any CPU.Build.0 = Debug|Any CPU
		{9E2E86CC-119F-4598-9975-6410B50E862B}.Debug|ARM.ActiveCfg = Debug|Any CPU
		{9E2E86CC-119F-4598-9975-6410B50E862B}.Debug|ARM.Build.0 = Debug|Any CPU
		{9E2E86CC-119F-4598-9975-6410B50E862B}.Debug|iPhone.ActiveCfg = Debug|Any CPU
		{9E2E86CC-119F-4598-9975-6410B50E862B}.Debug|iPhone.Build.0 = Debug|Any CPU
		{9E2E86CC-119F-4598-9975-6410B50E862B}.Debug|iPhoneSimulator.ActiveCfg = Debug|Any CPU
		{9E2E86CC-119F-4598-9975-6410B50E862B}.Debug|iPhoneSimulator.Build.0 = Debug|Any CPU
		{9E2E86CC-119F-4598-9975-6410B50E862B}.Debug|x64.ActiveCfg = Debug|Any CPU
		{9E2E86CC-119F-4598-9975-6410B50E862B}.Debug|x64.Build.0 = Debug|Any CPU
		{9E2E86CC-119F-4598-9975-6410B50E862B}.Debug|x86.ActiveCfg = Debug|Any CPU
		{9E2E86CC-119F-4598-9975-6410B50E862B}.Debug|x86.Build.0 = Debug|Any CPU
		{9E2E86CC-119F-4598-9975-6410B50E862B}.Release|Any CPU.ActiveCfg = Release|Any CPU
		{9E2E86CC-119F-4598-9975-6410B50E862B}.Release|Any CPU.Build.0 = Release|Any CPU
		{9E2E86CC-119F-4598-9975-6410B50E862B}.Release|ARM.ActiveCfg = Release|Any CPU
		{9E2E86CC-119F-4598-9975-6410B50E862B}.Release|ARM.Build.0 = Release|Any CPU
		{9E2E86CC-119F-4598-9975-6410B50E862B}.Release|iPhone.ActiveCfg = Release|Any CPU
		{9E2E86CC-119F-4598-9975-6410B50E862B}.Release|iPhone.Build.0 = Release|Any CPU
		{9E2E86CC-119F-4598-9975-6410B50E862B}.Release|iPhoneSimulator.ActiveCfg = Release|Any CPU
		{9E2E86CC-119F-4598-9975-6410B50E862B}.Release|iPhoneSimulator.Build.0 = Release|Any CPU
		{9E2E86CC-119F-4598-9975-6410B50E862B}.Release|x64.ActiveCfg = Release|Any CPU
		{9E2E86CC-119F-4598-9975-6410B50E862B}.Release|x64.Build.0 = Release|Any CPU
		{9E2E86CC-119F-4598-9975-6410B50E862B}.Release|x86.ActiveCfg = Release|Any CPU
		{9E2E86CC-119F-4598-9975-6410B50E862B}.Release|x86.Build.0 = Release|Any CPU
	EndGlobalSection
	GlobalSection(SolutionProperties) = preSolution
		HideSolutionNode = FALSE
	EndGlobalSection
EndGlobal
